# THIS IS AN AUTOGENERATED FILE. DO NOT EDIT THIS FILE DIRECTLY.
# yarn lockfile v1


claygl@^1.2.1:
  version "1.2.3"
  resolved "https://registry.yarnpkg.com/claygl/-/claygl-1.2.3.tgz#16359822921a9b9363257a6cba116d6cd21e8da7"

echarts-gl@^1.1.1:
  version "1.1.1"
  resolved "https://registry.yarnpkg.com/echarts-gl/-/echarts-gl-1.1.1.tgz#3df321cd4df7fee774e9a09e4dd29c9fd7e9104f"
  dependencies:
    claygl "^1.2.1"
    zrender "^4.0.4"

echarts@^4.2.0-rc.2:
  version "4.2.0-rc.2"
  resolved "https://registry.yarnpkg.com/echarts/-/echarts-4.2.0-rc.2.tgz#6a98397aafa81b65cbf0bc15d9afdbfb244df91e"
  dependencies:
    zrender "4.0.5"

highcharts@^6.1.4:
  version "6.1.4"
  resolved "https://registry.yarnpkg.com/highcharts/-/highcharts-6.1.4.tgz#753b6d4b99a279ade28276e1b4dc5a53346c7601"

jquery@^3.3.1:
  version "3.3.1"
  resolved "https://registry.yarnpkg.com/jquery/-/jquery-3.3.1.tgz#958ce29e81c9790f31be7792df5d4d95fc57fbca"

zrender@4.0.5, zrender@^4.0.4:
  version "4.0.5"
  resolved "https://registry.yarnpkg.com/zrender/-/zrender-4.0.5.tgz#6e8f738971ce2cd624aac82b2156729b1c0e5a82"
